
Microsoft Visual Studio Solution File, Format Version 12.00
# Visual Studio Version 16
VisualStudioVersion = 16.0.30611.23
MinimumVisualStudioVersion = 10.0.40219.1
Project("{9A19103F-16F7-4668-BE54-9A1E7A4F7556}") = "Otgul.Api", "Otgul\Otgul.Api.csproj", "{E11F4482-EE31-48C0-8AC6-BCC4CBB0371B}"
EndProject
Project("{00D1A9C2-B5F0-4AF3-8072-F6C62B433612}") = "OtgulDB", "OtgulDB\OtgulDB.sqlproj", "{FA0FB657-F673-4537-9197-6AC64D4C1AF2}"
EndProject
Project("{FAE04EC0-301F-11D3-BF4B-00C04F79EFBC}") = "Otgul.DataBase", "Otgul.Domain.Core\Otgul.DataBase.csproj", "{904AFDDC-2CC0-4D74-97F1-BB5CB4D99E5A}"
EndProject
Project("{FAE04EC0-301F-11D3-BF4B-00C04F79EFBC}") = "Otgul.Repository", "Otgul.Repository\Otgul.Repository.csproj", "{BDC977A6-8540-4B63-BD13-6EADF32AC393}"
EndProject
Project("{FAE04EC0-301F-11D3-BF4B-00C04F79EFBC}") = "Otgul.Services", "Otgul.Services\Otgul.Services.csproj", "{633FE864-8F49-4B08-96F5-2097FEE41093}"
EndProject
Global
	GlobalSection(SolutionConfigurationPlatforms) = preSolution
		Debug|Any CPU = Debug|Any CPU
		Release|Any CPU = Release|Any CPU
	EndGlobalSection
	GlobalSection(ProjectConfigurationPlatforms) = postSolution
		{E11F4482-EE31-48C0-8AC6-BCC4CBB0371B}.Debug|Any CPU.ActiveCfg = Debug|Any CPU
		{E11F4482-EE31-48C0-8AC6-BCC4CBB0371B}.Debug|Any CPU.Build.0 = Debug|Any CPU
		{E11F4482-EE31-48C0-8AC6-BCC4CBB0371B}.Release|Any CPU.ActiveCfg = Release|Any CPU
		{E11F4482-EE31-48C0-8AC6-BCC4CBB0371B}.Release|Any CPU.Build.0 = Release|Any CPU
		{FA0FB657-F673-4537-9197-6AC64D4C1AF2}.Debug|Any CPU.ActiveCfg = Debug|Any CPU
		{FA0FB657-F673-4537-9197-6AC64D4C1AF2}.Debug|Any CPU.Build.0 = Debug|Any CPU
		{FA0FB657-F673-4537-9197-6AC64D4C1AF2}.Debug|Any CPU.Deploy.0 = Debug|Any CPU
		{FA0FB657-F673-4537-9197-6AC64D4C1AF2}.Release|Any CPU.ActiveCfg = Release|Any CPU
		{FA0FB657-F673-4537-9197-6AC64D4C1AF2}.Release|Any CPU.Build.0 = Release|Any CPU
		{FA0FB657-F673-4537-9197-6AC64D4C1AF2}.Release|Any CPU.Deploy.0 = Release|Any CPU
		{904AFDDC-2CC0-4D74-97F1-BB5CB4D99E5A}.Debug|Any CPU.ActiveCfg = Debug|Any CPU
		{904AFDDC-2CC0-4D74-97F1-BB5CB4D99E5A}.Debug|Any CPU.Build.0 = Debug|Any CPU
		{904AFDDC-2CC0-4D74-97F1-BB5CB4D99E5A}.Release|Any CPU.ActiveCfg = Release|Any CPU
		{904AFDDC-2CC0-4D74-97F1-BB5CB4D99E5A}.Release|Any CPU.Build.0 = Release|Any CPU
		{BDC977A6-8540-4B63-BD13-6EADF32AC393}.Debug|Any CPU.ActiveCfg = Debug|Any CPU
		{BDC977A6-8540-4B63-BD13-6EADF32AC393}.Debug|Any CPU.Build.0 = Debug|Any CPU
		{BDC977A6-8540-4B63-BD13-6EADF32AC393}.Release|Any CPU.ActiveCfg = Release|Any CPU
		{BDC977A6-8540-4B63-BD13-6EADF32AC393}.Release|Any CPU.Build.0 = Release|Any CPU
		{633FE864-8F49-4B08-96F5-2097FEE41093}.Debug|Any CPU.ActiveCfg = Debug|Any CPU
		{633FE864-8F49-4B08-96F5-2097FEE41093}.Debug|Any CPU.Build.0 = Debug|Any CPU
		{633FE864-8F49-4B08-96F5-2097FEE41093}.Release|Any CPU.ActiveCfg = Release|Any CPU
		{633FE864-8F49-4B08-96F5-2097FEE41093}.Release|Any CPU.Build.0 = Release|Any CPU
	EndGlobalSection
	GlobalSection(SolutionProperties) = preSolution
		HideSolutionNode = FALSE
	EndGlobalSection
	GlobalSection(ExtensibilityGlobals) = postSolution
		SolutionGuid = {233E2F7C-BDFC-45E0-8E1E-52DF18A849D1}
	EndGlobalSection
EndGlobal
